# This file is automatically @generated by Cargo.
# It is not intended for manual editing.
version = 3

[[package]]
name = "midia"
version = "0.1.1"
source = "git+https://github.com/levinion/midia#1527b6eef119eea36befb3713abef25beffb4be2"

[[package]]
name = "piano"
version = "0.1.0"
dependencies = [
 "midia",
]
