# This file is automatically @generated by Cargo.
# It is not intended for manual editing.
version = 3

[[package]]
name = "midia"
version = "0.1.0"
source = "git+https://github.com/levinion/midia#1cc189f1013605a7ef0bd66f073813c7ff4658e7"

[[package]]
name = "piano"
version = "0.1.0"
dependencies = [
 "midia",
]
